// !$*UTF8*$!
{
	archiveVersion = 1;
	classes = {
	};
	objectVersion = 45;
	objects = {

/* Begin PBXAggregateTarget section */
		49346909134403EF005C85D6 /* Clean */ = {
			isa = PBXAggregateTarget;
			buildConfigurationList = 4934690B1344040D005C85D6 /* Build configuration list for PBXAggregateTarget "Clean" */;
			buildPhases = (
				49346908134403EF005C85D6 /* ShellScript */,
			);
			dependencies = (
			);
			name = Clean;
			productName = Clean;
		};
		4990FD941344BAD700F96FEF /* Program */ = {
			isa = PBXAggregateTarget;
			buildConfigurationList = 4990FD981344BB0E00F96FEF /* Build configuration list for PBXAggregateTarget "Program" */;
			buildPhases = (
				4990FD931344BAD700F96FEF /* ShellScript */,
			);
			dependencies = (
				4990FD971344BAF000F96FEF /* PBXTargetDependency */,
			);
			name = Program;
			productName = Program;
		};
/* End PBXAggregateTarget section */

/* Begin PBXBuildFile section */
		490EBD251348B13700FAD91C /* MyApplication.cpp in Sources */ = {isa = PBXBuildFile; fileRef = 490EBD241348B13700FAD91C /* MyApplication.cpp */; };
/* End PBXBuildFile section */

/* Begin PBXBuildRule section */
		4900A2FA133FDEF10036518B /* PBXBuildRule */ = {
			isa = PBXBuildRule;
			compilerSpec = com.apple.compilers.proxy.script;
			fileType = sourcecode.c;
			isEditable = 1;
			outputFiles = (
				"$(OBJECT_FILE_DIR)/$(INPUT_FILE_BASE).o",
			);
			script = "${TOOLS_DIR}/bin/avr-gcc -Wall -Os -DF_CPU=${FREQUENCY} -mmcu=${MCU} ${CFLAGS} -c ${INPUT_FILE_PATH} -o ${OBJECT_FILE_DIR}/${INPUT_FILE_BASE}.o";
		};
		4900A2FB133FDEF10036518B /* PBXBuildRule */ = {
			isa = PBXBuildRule;
			compilerSpec = com.apple.compilers.proxy.script;
			fileType = sourcecode.cpp;
			isEditable = 1;
			outputFiles = (
				"$(OBJECT_FILE_DIR)/$(INPUT_FILE_BASE).o",
			);
			script = "${TOOLS_DIR}/bin/avr-g++ -Wall -Os -DF_CPU=${FREQUENCY} -mmcu=${MCU} ${CFLAGS} -c ${INPUT_FILE_PATH} -o ${TARGET_BUILD_DIR}/${INPUT_FILE_BASE}.o";
		};
		4955B5A41344028B001EDD20 /* PBXBuildRule */ = {
			isa = PBXBuildRule;
			compilerSpec = com.apple.compilers.proxy.script;
			fileType = "compiled.mach-o.objfile";
			isEditable = 1;
			outputFiles = (
			);
		};
/* End PBXBuildRule section */

/* Begin PBXContainerItemProxy section */
		4990FD961344BAF000F96FEF /* PBXContainerItemProxy */ = {
			isa = PBXContainerItemProxy;
			containerPortal = 08FB7793FE84155DC02AAC07 /* Project object */;
			proxyType = 1;
			remoteGlobalIDString = 4900A2E2133FDE330036518B;
			remoteInfo = Build;
		};
/* End PBXContainerItemProxy section */

/* Begin PBXFileReference section */
		490EBD241348B13700FAD91C /* MyApplication.cpp */ = {isa = PBXFileReference; fileEncoding = 4; lastKnownFileType = sourcecode.cpp.cpp; path = MyApplication.cpp; sourceTree = "<group>"; };
/* End PBXFileReference section */

/* Begin PBXGroup section */
		08FB7794FE84155DC02AAC07 /* etherclock */ = {
			isa = PBXGroup;
			children = (
				08FB77AFFE84173DC02AAC07 /* Source */,
			);
			name = etherclock;
			sourceTree = "<group>";
		};
		08FB77AFFE84173DC02AAC07 /* Source */ = {
			isa = PBXGroup;
			children = (
				490EBD241348B13700FAD91C /* MyApplication.cpp */,
			);
			name = Source;
			sourceTree = "<group>";
		};
/* End PBXGroup section */

/* Begin PBXNativeTarget section */
		4900A2E2133FDE330036518B /* Build */ = {
			isa = PBXNativeTarget;
			buildConfigurationList = 01706F550A347F8800E43B08 /* Build configuration list for PBXNativeTarget "Build" */;
			buildPhases = (
				49282A0E134BA95A009E0FE6 /* Build libm8r.a */,
				4900A2E0133FDE330036518B /* Sources */,
				4955B5661343FBFF001EDD20 /* Create elf */,
				493469131344045F005C85D6 /* Create hex */,
				49FC495C134D6B6100FD30CF /* Create listing */,
				49282B70134CFEDE009E0FE6 /* Show size */,
			);
			buildRules = (
				4955B5A41344028B001EDD20 /* PBXBuildRule */,
				4900A2FA133FDEF10036518B /* PBXBuildRule */,
				4900A2FB133FDEF10036518B /* PBXBuildRule */,
			);
			dependencies = (
			);
			name = Build;
			productName = Build;
			productType = "com.apple.product-type.library.static";
		};
/* End PBXNativeTarget section */

/* Begin PBXProject section */
		08FB7793FE84155DC02AAC07 /* Project object */ = {
			isa = PBXProject;
			buildConfigurationList = 01706F350A34762900E43B08 /* Build configuration list for PBXProject "etherclock" */;
			compatibilityVersion = "Xcode 3.1";
			developmentRegion = English;
			hasScannedForEncodings = 1;
			knownRegions = (
				English,
				Japanese,
				French,
				German,
			);
			mainGroup = 08FB7794FE84155DC02AAC07 /* etherclock */;
			projectDirPath = "";
			projectRoot = "";
			targets = (
				4900A2E2133FDE330036518B /* Build */,
				49346909134403EF005C85D6 /* Clean */,
				4990FD941344BAD700F96FEF /* Program */,
			);
		};
/* End PBXProject section */

/* Begin PBXShellScriptBuildPhase section */
		49282A0E134BA95A009E0FE6 /* Build libm8r.a */ = {
			isa = PBXShellScriptBuildPhase;
			buildActionMask = 2147483647;
			files = (
			);
			inputPaths = (
			);
			name = "Build libm8r.a";
			outputPaths = (
			);
			runOnlyForDeploymentPostprocessing = 0;
			shellPath = /bin/sh;
			shellScript = "make -f ${USER_LIBRARY_DIR}/m8r/Makefile\n";
		};
		49282B70134CFEDE009E0FE6 /* Show size */ = {
			isa = PBXShellScriptBuildPhase;
			buildActionMask = 2147483647;
			files = (
			);
			inputPaths = (
			);
			name = "Show size";
			outputPaths = (
			);
			runOnlyForDeploymentPostprocessing = 0;
			shellPath = /bin/sh;
			shellScript = "i=0\nfor s in `${TOOLS_DIR}/bin/avr-size -td ${OBJECT_FILE_DIR}/${PROJECT}.elf`\ndo\n\tarray[$i]=$s\n\t((i++))\ndone\necho\necho '===================='\necho Executable size:\nprintf \"\\ttext:\\t\\t%d\\t\\t(0x%x)\\n\" \"${array[6]}\" \"${array[6]}\"\nprintf \"\\tdata:\\t\\t%d\\t\\t(0x%x)\\n\" \"${array[7]}\" \"${array[7]}\"\nprintf \"\\tbss:\\t\\t%d\\t\\t(0x%x)\\n\" \"${array[8]}\" \"${array[8]}\"\necho \necho Total: ${array[9]} \\(0x${array[10]}\\)\necho '===================='\necho\n";
		};
		49346908134403EF005C85D6 /* ShellScript */ = {
			isa = PBXShellScriptBuildPhase;
			buildActionMask = 2147483647;
			files = (
			);
			inputPaths = (
			);
			outputPaths = (
			);
			runOnlyForDeploymentPostprocessing = 0;
			shellPath = /bin/sh;
			shellScript = "rm -rf ${CONFIGURATION_BUILD_DIR}/*\nrm -rf ${CONFIGURATION_TEMP_DIR}/*\necho Removed all build products";
		};
		493469131344045F005C85D6 /* Create hex */ = {
			isa = PBXShellScriptBuildPhase;
			buildActionMask = 2147483647;
			files = (
			);
			inputPaths = (
				"${OBJECT_FILE_DIR}/${PROJECT}.elf",
			);
			name = "Create hex";
			outputPaths = (
				"${TARGET_BUILD_DIR}/${PROJECT}.hex",
			);
			runOnlyForDeploymentPostprocessing = 0;
			shellPath = /bin/sh;
			shellScript = "echo \"Creating .hex file\"\n${TOOLS_DIR}/bin/avr-objcopy -O ihex ${OBJECT_FILE_DIR}/${PROJECT}.elf ${TARGET_BUILD_DIR}/${PROJECT}.hex \n";
		};
		4955B5661343FBFF001EDD20 /* Create elf */ = {
			isa = PBXShellScriptBuildPhase;
			buildActionMask = 2147483647;
			files = (
			);
			inputPaths = (
				"${OBJECT_FILE_DIR}/*.o",
			);
			name = "Create elf";
			outputPaths = (
				"${OBJECT_FILE_DIR}/${PROJECT}.elf",
				"${TARGET_BUILD_DIR}/${PROJECT}.map",
			);
			runOnlyForDeploymentPostprocessing = 0;
			shellPath = /bin/sh;
			shellScript = "echo \"Linking\"\nmkdir ${TARGET_BUILD_DIR} 2> /dev/null\n${TOOLS_DIR}/bin/avr-gcc ${OBJECT_FILE_DIR}/*.o ${LDFLAGS} -Wl,-Map=${TARGET_BUILD_DIR}/${PROJECT}.map,--cref -mmcu=${MCU} -o ${OBJECT_FILE_DIR}/${PROJECT}.elf \n";
		};
		4990FD931344BAD700F96FEF /* ShellScript */ = {
			isa = PBXShellScriptBuildPhase;
			buildActionMask = 2147483647;
			files = (
			);
			inputPaths = (
				"${TARGET_BUILD_DIR}/${PROJECT}.hex",
			);
			outputPaths = (
			);
			runOnlyForDeploymentPostprocessing = 0;
			shellPath = /bin/sh;
			shellScript = "echo Programming\n${TOOLS_DIR}/bin/avrdude -c ${AVRDUDE_PROGRAMMER} -P ${AVRDUDE_PORT} -p ${MCU} -U flash:w:${TARGET_BUILD_DIR}/${PROJECT}.hex:i";
		};
		49FC495C134D6B6100FD30CF /* Create listing */ = {
			isa = PBXShellScriptBuildPhase;
			buildActionMask = 2147483647;
			files = (
			);
			inputPaths = (
			);
			name = "Create listing";
			outputPaths = (
			);
			runOnlyForDeploymentPostprocessing = 0;
			shellPath = /bin/sh;
			shellScript = "${TOOLS_DIR}/bin/avr-objdump -lhS --demangle ${OBJECT_FILE_DIR}/${PROJECT}.elf > ${TARGET_BUILD_DIR}/${PROJECT}.lss";
		};
/* End PBXShellScriptBuildPhase section */

/* Begin PBXSourcesBuildPhase section */
		4900A2E0133FDE330036518B /* Sources */ = {
			isa = PBXSourcesBuildPhase;
			buildActionMask = 2147483647;
			files = (
				490EBD251348B13700FAD91C /* MyApplication.cpp in Sources */,
			);
			runOnlyForDeploymentPostprocessing = 0;
		};
/* End PBXSourcesBuildPhase section */

/* Begin PBXTargetDependency section */
		4990FD971344BAF000F96FEF /* PBXTargetDependency */ = {
			isa = PBXTargetDependency;
			target = 4900A2E2133FDE330036518B /* Build */;
			targetProxy = 4990FD961344BAF000F96FEF /* PBXContainerItemProxy */;
		};
/* End PBXTargetDependency section */

/* Begin XCBuildConfiguration section */
		01706F370A34762900E43B08 /* Deployment */ = {
			isa = XCBuildConfiguration;
			buildSettings = {
				AVRDUDE_PORT = /dev/cu.usbserial;
				AVRDUDE_PROGRAMMER = stk500v1;
				CFLAGS = "-Wa,-adhlns=${OBJECT_FILE_DIR}/${INPUT_FILE_BASE}.lst -I${C_INCLUDE_PATH} -funsigned-char -funsigned-bitfields -fpack-struct -fshort-enums";
				C_INCLUDE_PATH = "${USER_LIBRARY_DIR}/m8r/Headers";
				FREQUENCY = 8000000;
				LDFLAGS = "-L${OBJECT_FILE_DIR} -lm8r";
				M8R_SRC_DIR = "$(USER_LIBRARY_DIR)/m8r/Sources/m8r";
				MCU = atmega168;
				PRODUCT_NAME = etherclock;
				TOOLS_DIR = /usr/local;
			};
			name = Deployment;
		};
		01706F570A347F8800E43B08 /* Deployment */ = {
			isa = XCBuildConfiguration;
			buildSettings = {
				PRODUCT_NAME = Build;
			};
			name = Deployment;
		};
		4934690A134403EF005C85D6 /* Deployment */ = {
			isa = XCBuildConfiguration;
			buildSettings = {
				PRODUCT_NAME = Clean;
			};
			name = Deployment;
		};
		4990FD951344BAD700F96FEF /* Deployment */ = {
			isa = XCBuildConfiguration;
			buildSettings = {
				PRODUCT_NAME = Program;
			};
			name = Deployment;
		};
/* End XCBuildConfiguration section */

/* Begin XCConfigurationList section */
		01706F350A34762900E43B08 /* Build configuration list for PBXProject "etherclock" */ = {
			isa = XCConfigurationList;
			buildConfigurations = (
				01706F370A34762900E43B08 /* Deployment */,
			);
			defaultConfigurationIsVisible = 0;
			defaultConfigurationName = Default;
		};
		01706F550A347F8800E43B08 /* Build configuration list for PBXNativeTarget "Build" */ = {
			isa = XCConfigurationList;
			buildConfigurations = (
				01706F570A347F8800E43B08 /* Deployment */,
			);
			defaultConfigurationIsVisible = 0;
			defaultConfigurationName = Default;
		};
		4934690B1344040D005C85D6 /* Build configuration list for PBXAggregateTarget "Clean" */ = {
			isa = XCConfigurationList;
			buildConfigurations = (
				4934690A134403EF005C85D6 /* Deployment */,
			);
			defaultConfigurationIsVisible = 0;
			defaultConfigurationName = Default;
		};
		4990FD981344BB0E00F96FEF /* Build configuration list for PBXAggregateTarget "Program" */ = {
			isa = XCConfigurationList;
			buildConfigurations = (
				4990FD951344BAD700F96FEF /* Deployment */,
			);
			defaultConfigurationIsVisible = 0;
			defaultConfigurationName = Default;
		};
/* End XCConfigurationList section */
	};
	rootObject = 08FB7793FE84155DC02AAC07 /* Project object */;
}
