// !$*UTF8*$!
{
	archiveVersion = 1;
	classes = {
	};
	objectVersion = 45;
	objects = {

/* Begin PBXAggregateTarget section */
		49346909134403EF005C85D6 /* Clean */ = {
			isa = PBXAggregateTarget;
			buildConfigurationList = 4934690B1344040D005C85D6 /* Build configuration list for PBXAggregateTarget "Clean" */;
			buildPhases = (
				49346908134403EF005C85D6 /* ShellScript */,
			);
			dependencies = (
			);
			name = Clean;
			productName = Clean;
		};
		4990FD941344BAD700F96FEF /* Program */ = {
			isa = PBXAggregateTarget;
			buildConfigurationList = 4990FD981344BB0E00F96FEF /* Build configuration list for PBXAggregateTarget "Program" */;
			buildPhases = (
				4990FD931344BAD700F96FEF /* ShellScript */,
			);
			dependencies = (
				4990FD971344BAF000F96FEF /* PBXTargetDependency */,
			);
			name = Program;
			productName = Program;
		};
/* End PBXAggregateTarget section */

/* Begin PBXBuildRule section */
		4900A2FA133FDEF10036518B /* PBXBuildRule */ = {
			isa = PBXBuildRule;
			compilerSpec = com.apple.compilers.proxy.script;
			fileType = sourcecode.c;
			isEditable = 1;
			outputFiles = (
				"$(OBJECT_FILE_DIR)/$(INPUT_FILE_BASE).o",
			);
			script = "${TOOLS_DIR}/bin/avr-gcc -Wall -Os -DF_CPU=${FREQUENCY} -mmcu=${MCU} ${CFLAGS} -c ${INPUT_FILE_PATH} -o ${OBJECT_FILE_DIR}/${INPUT_FILE_BASE}.o";
		};
		4900A2FB133FDEF10036518B /* PBXBuildRule */ = {
			isa = PBXBuildRule;
			compilerSpec = com.apple.compilers.proxy.script;
			fileType = sourcecode.cpp;
			isEditable = 1;
			outputFiles = (
				"$(OBJECT_FILE_DIR)/$(INPUT_FILE_BASE).o",
			);
			script = "${TOOLS_DIR}/bin/avr-g++ -Wall -Os -DF_CPU=${FREQUENCY} -mmcu=${MCU} ${CFLAGS} -c ${INPUT_FILE_PATH} -o ${TARGET_BUILD_DIR}/${INPUT_FILE_BASE}.o";
		};
		4955B5A41344028B001EDD20 /* PBXBuildRule */ = {
			isa = PBXBuildRule;
			compilerSpec = com.apple.compilers.proxy.script;
			fileType = "compiled.mach-o.objfile";
			isEditable = 1;
			outputFiles = (
			);
		};
/* End PBXBuildRule section */

/* Begin PBXContainerItemProxy section */
		4990FD961344BAF000F96FEF /* PBXContainerItemProxy */ = {
			isa = PBXContainerItemProxy;
			containerPortal = 08FB7793FE84155DC02AAC07 /* Project object */;
			proxyType = 1;
			remoteGlobalIDString = 4900A2E2133FDE330036518B;
			remoteInfo = Build;
		};
		49EE68EF147B1A2500FA3113 /* PBXContainerItemProxy */ = {
			isa = PBXContainerItemProxy;
			containerPortal = 08FB7793FE84155DC02AAC07 /* Project object */;
			proxyType = 1;
			remoteGlobalIDString = 49EE68E7147B19BB00FA3113;
			remoteInfo = libm8r.a;
		};
/* End PBXContainerItemProxy section */

/* Begin PBXFileReference section */
		490EBD241348B13700FAD91C /* MyApplication.cpp */ = {isa = PBXFileReference; fileEncoding = 4; lastKnownFileType = sourcecode.cpp.cpp; path = MyApplication.cpp; sourceTree = "<group>"; };
		49EE68BD147B188700FA3113 /* create_event_enums.c */ = {isa = PBXFileReference; lastKnownFileType = sourcecode.c.c; name = create_event_enums.c; path = ../../library/create_event_enums.c; sourceTree = "<group>"; };
		49EE68BE147B188700FA3113 /* Makefile */ = {isa = PBXFileReference; lastKnownFileType = sourcecode.make; name = Makefile; path = ../../library/Makefile; sourceTree = "<group>"; };
		49EE68BF147B188700FA3113 /* shared.mk */ = {isa = PBXFileReference; lastKnownFileType = text; name = shared.mk; path = ../../library/shared.mk; sourceTree = "<group>"; };
		49EE68C0147B18C000FA3113 /* ADC.cpp */ = {isa = PBXFileReference; lastKnownFileType = sourcecode.cpp.cpp; name = ADC.cpp; path = ../../library/ADC.cpp; sourceTree = "<group>"; };
		49EE68C1147B18C000FA3113 /* Animator.cpp */ = {isa = PBXFileReference; lastKnownFileType = sourcecode.cpp.cpp; name = Animator.cpp; path = ../../library/Animator.cpp; sourceTree = "<group>"; };
		49EE68C2147B18C000FA3113 /* Application.cpp */ = {isa = PBXFileReference; lastKnownFileType = sourcecode.cpp.cpp; name = Application.cpp; path = ../../library/Application.cpp; sourceTree = "<group>"; };
		49EE68C3147B18C000FA3113 /* ENC28J60.cpp */ = {isa = PBXFileReference; lastKnownFileType = sourcecode.cpp.cpp; name = ENC28J60.cpp; path = ../../library/ENC28J60.cpp; sourceTree = "<group>"; };
		49EE68C6147B18C000FA3113 /* m8r.h */ = {isa = PBXFileReference; lastKnownFileType = sourcecode.c.h; name = m8r.h; path = ../../library/m8r.h; sourceTree = "<group>"; };
		49EE68C7147B18C000FA3113 /* main.c */ = {isa = PBXFileReference; lastKnownFileType = sourcecode.c.c; name = main.c; path = ../../library/main.c; sourceTree = "<group>"; };
		49EE68C8147B18C000FA3113 /* MAX6969.cpp */ = {isa = PBXFileReference; lastKnownFileType = sourcecode.cpp.cpp; name = MAX6969.cpp; path = ../../library/MAX6969.cpp; sourceTree = "<group>"; };
		49EE68C9147B18C000FA3113 /* RTC.cpp */ = {isa = PBXFileReference; lastKnownFileType = sourcecode.cpp.cpp; name = RTC.cpp; path = ../../library/RTC.cpp; sourceTree = "<group>"; };
		49EE68CA147B18C000FA3113 /* ShiftReg.cpp */ = {isa = PBXFileReference; lastKnownFileType = sourcecode.cpp.cpp; name = ShiftReg.cpp; path = ../../library/ShiftReg.cpp; sourceTree = "<group>"; };
		49EE68CB147B18C000FA3113 /* STP08CDC596.cpp */ = {isa = PBXFileReference; lastKnownFileType = sourcecode.cpp.cpp; name = STP08CDC596.cpp; path = ../../library/STP08CDC596.cpp; sourceTree = "<group>"; };
		49EE68CC147B18C000FA3113 /* Timer.cpp */ = {isa = PBXFileReference; lastKnownFileType = sourcecode.cpp.cpp; name = Timer.cpp; path = ../../library/Timer.cpp; sourceTree = "<group>"; };
		49EE68CF147B18DF00FA3113 /* ADC.h */ = {isa = PBXFileReference; fileEncoding = 4; lastKnownFileType = sourcecode.c.h; name = ADC.h; path = ../../library/m8r/ADC.h; sourceTree = "<group>"; };
		49EE68D0147B18DF00FA3113 /* Animator.h */ = {isa = PBXFileReference; fileEncoding = 4; lastKnownFileType = sourcecode.c.h; name = Animator.h; path = ../../library/m8r/Animator.h; sourceTree = "<group>"; };
		49EE68D1147B18DF00FA3113 /* Application.h */ = {isa = PBXFileReference; fileEncoding = 4; lastKnownFileType = sourcecode.c.h; name = Application.h; path = ../../library/m8r/Application.h; sourceTree = "<group>"; };
		49EE68D2147B18DF00FA3113 /* BlinkErrorReporter.h */ = {isa = PBXFileReference; fileEncoding = 4; lastKnownFileType = sourcecode.c.h; name = BlinkErrorReporter.h; path = ../../library/m8r/BlinkErrorReporter.h; sourceTree = "<group>"; };
		49EE68D3147B18DF00FA3113 /* ENC28J60.h */ = {isa = PBXFileReference; fileEncoding = 4; lastKnownFileType = sourcecode.c.h; name = ENC28J60.h; path = ../../library/m8r/ENC28J60.h; sourceTree = "<group>"; };
		49EE68D6147B18DF00FA3113 /* EventSourceEnums.h */ = {isa = PBXFileReference; fileEncoding = 4; lastKnownFileType = sourcecode.c.h; name = EventSourceEnums.h; path = ../../library/m8r/EventSourceEnums.h; sourceTree = "<group>"; };
		49EE68D7147B18DF00FA3113 /* MAX6969.h */ = {isa = PBXFileReference; fileEncoding = 4; lastKnownFileType = sourcecode.c.h; name = MAX6969.h; path = ../../library/m8r/MAX6969.h; sourceTree = "<group>"; };
		49EE68D8147B18DF00FA3113 /* RTC.h */ = {isa = PBXFileReference; fileEncoding = 4; lastKnownFileType = sourcecode.c.h; name = RTC.h; path = ../../library/m8r/RTC.h; sourceTree = "<group>"; };
		49EE68D9147B18DF00FA3113 /* ShiftReg.h */ = {isa = PBXFileReference; fileEncoding = 4; lastKnownFileType = sourcecode.c.h; name = ShiftReg.h; path = ../../library/m8r/ShiftReg.h; sourceTree = "<group>"; };
		49EE68DA147B18DF00FA3113 /* SPI.h */ = {isa = PBXFileReference; fileEncoding = 4; lastKnownFileType = sourcecode.c.h; name = SPI.h; path = ../../library/m8r/SPI.h; sourceTree = "<group>"; };
		49EE68DB147B18DF00FA3113 /* STP08CDC596.h */ = {isa = PBXFileReference; fileEncoding = 4; lastKnownFileType = sourcecode.c.h; name = STP08CDC596.h; path = ../../library/m8r/STP08CDC596.h; sourceTree = "<group>"; };
		49EE68DC147B18DF00FA3113 /* Timer.h */ = {isa = PBXFileReference; fileEncoding = 4; lastKnownFileType = sourcecode.c.h; name = Timer.h; path = ../../library/m8r/Timer.h; sourceTree = "<group>"; };
		49EE68E8147B19BB00FA3113 /* liblibm8r.a.a */ = {isa = PBXFileReference; explicitFileType = archive.ar; includeInIndex = 0; path = liblibm8r.a.a; sourceTree = BUILT_PRODUCTS_DIR; };
		49EE68F1147B2DFD00FA3113 /* config.mk */ = {isa = PBXFileReference; fileEncoding = 4; lastKnownFileType = text; path = config.mk; sourceTree = "<group>"; };
		49EE68F2147B2DFD00FA3113 /* Makefile */ = {isa = PBXFileReference; fileEncoding = 4; lastKnownFileType = sourcecode.make; path = Makefile; sourceTree = "<group>"; };
/* End PBXFileReference section */

/* Begin PBXGroup section */
		08FB7794FE84155DC02AAC07 /* etherclock */ = {
			isa = PBXGroup;
			children = (
				49EE68BA147B184100FA3113 /* libm8r */,
				08FB77AFFE84173DC02AAC07 /* Source */,
				49EE68E9147B19BB00FA3113 /* Products */,
			);
			name = etherclock;
			sourceTree = "<group>";
		};
		08FB77AFFE84173DC02AAC07 /* Source */ = {
			isa = PBXGroup;
			children = (
				49EE68F1147B2DFD00FA3113 /* config.mk */,
				49EE68F2147B2DFD00FA3113 /* Makefile */,
				490EBD241348B13700FAD91C /* MyApplication.cpp */,
			);
			name = Source;
			sourceTree = "<group>";
		};
		49EE68BA147B184100FA3113 /* libm8r */ = {
			isa = PBXGroup;
			children = (
				49EE68BD147B188700FA3113 /* create_event_enums.c */,
				49EE68BE147B188700FA3113 /* Makefile */,
				49EE68BF147B188700FA3113 /* shared.mk */,
				49EE68BB147B185900FA3113 /* Source */,
			);
			name = libm8r;
			sourceTree = "<group>";
		};
		49EE68BB147B185900FA3113 /* Source */ = {
			isa = PBXGroup;
			children = (
				49EE68C6147B18C000FA3113 /* m8r.h */,
				49EE68C7147B18C000FA3113 /* main.c */,
				49EE68C0147B18C000FA3113 /* ADC.cpp */,
				49EE68CF147B18DF00FA3113 /* ADC.h */,
				49EE68C1147B18C000FA3113 /* Animator.cpp */,
				49EE68D0147B18DF00FA3113 /* Animator.h */,
				49EE68C2147B18C000FA3113 /* Application.cpp */,
				49EE68D1147B18DF00FA3113 /* Application.h */,
				49EE68D2147B18DF00FA3113 /* BlinkErrorReporter.h */,
				49EE68C3147B18C000FA3113 /* ENC28J60.cpp */,
				49EE68D3147B18DF00FA3113 /* ENC28J60.h */,
				49EE68D6147B18DF00FA3113 /* EventSourceEnums.h */,
				49EE68C8147B18C000FA3113 /* MAX6969.cpp */,
				49EE68D7147B18DF00FA3113 /* MAX6969.h */,
				49EE68C9147B18C000FA3113 /* RTC.cpp */,
				49EE68D8147B18DF00FA3113 /* RTC.h */,
				49EE68CA147B18C000FA3113 /* ShiftReg.cpp */,
				49EE68D9147B18DF00FA3113 /* ShiftReg.h */,
				49EE68DA147B18DF00FA3113 /* SPI.h */,
				49EE68CB147B18C000FA3113 /* STP08CDC596.cpp */,
				49EE68DB147B18DF00FA3113 /* STP08CDC596.h */,
				49EE68CC147B18C000FA3113 /* Timer.cpp */,
				49EE68DC147B18DF00FA3113 /* Timer.h */,
			);
			name = Source;
			sourceTree = "<group>";
		};
		49EE68E9147B19BB00FA3113 /* Products */ = {
			isa = PBXGroup;
			children = (
				49EE68E8147B19BB00FA3113 /* liblibm8r.a.a */,
			);
			name = Products;
			sourceTree = "<group>";
		};
/* End PBXGroup section */

/* Begin PBXNativeTarget section */
		4900A2E2133FDE330036518B /* Build */ = {
			isa = PBXNativeTarget;
			buildConfigurationList = 01706F550A347F8800E43B08 /* Build configuration list for PBXNativeTarget "Build" */;
			buildPhases = (
				499940C6147873B00059CA5A /* Build application */,
			);
			buildRules = (
				4955B5A41344028B001EDD20 /* PBXBuildRule */,
				4900A2FA133FDEF10036518B /* PBXBuildRule */,
				4900A2FB133FDEF10036518B /* PBXBuildRule */,
			);
			dependencies = (
				49EE68F0147B1A2500FA3113 /* PBXTargetDependency */,
			);
			name = Build;
			productName = Build;
			productType = "com.apple.product-type.library.static";
		};
		49EE68E7147B19BB00FA3113 /* libm8r.a */ = {
			isa = PBXNativeTarget;
			buildConfigurationList = 49EE68EA147B19BB00FA3113 /* Build configuration list for PBXNativeTarget "libm8r.a" */;
			buildPhases = (
				49EE68EE147B19D100FA3113 /* Build libm8r.a */,
			);
			buildRules = (
			);
			dependencies = (
			);
			name = libm8r.a;
			productName = libm8r.a;
			productReference = 49EE68E8147B19BB00FA3113 /* liblibm8r.a.a */;
			productType = "com.apple.product-type.library.static";
		};
/* End PBXNativeTarget section */

/* Begin PBXProject section */
		08FB7793FE84155DC02AAC07 /* Project object */ = {
			isa = PBXProject;
			buildConfigurationList = 01706F350A34762900E43B08 /* Build configuration list for PBXProject "etherclock" */;
			compatibilityVersion = "Xcode 3.1";
			developmentRegion = English;
			hasScannedForEncodings = 1;
			knownRegions = (
				English,
				Japanese,
				French,
				German,
			);
			mainGroup = 08FB7794FE84155DC02AAC07 /* etherclock */;
			productRefGroup = 49EE68E9147B19BB00FA3113 /* Products */;
			projectDirPath = "";
			projectRoot = "";
			targets = (
				4900A2E2133FDE330036518B /* Build */,
				49346909134403EF005C85D6 /* Clean */,
				4990FD941344BAD700F96FEF /* Program */,
				49EE68E7147B19BB00FA3113 /* libm8r.a */,
			);
		};
/* End PBXProject section */

/* Begin PBXShellScriptBuildPhase section */
		49346908134403EF005C85D6 /* ShellScript */ = {
			isa = PBXShellScriptBuildPhase;
			buildActionMask = 2147483647;
			files = (
			);
			inputPaths = (
			);
			outputPaths = (
			);
			runOnlyForDeploymentPostprocessing = 0;
			shellPath = /bin/sh;
			shellScript = "rm -rf ${CONFIGURATION_BUILD_DIR}/*\nrm -rf ${CONFIGURATION_TEMP_DIR}/*\necho Removed all build products";
		};
		4990FD931344BAD700F96FEF /* ShellScript */ = {
			isa = PBXShellScriptBuildPhase;
			buildActionMask = 2147483647;
			files = (
			);
			inputPaths = (
				"${TARGET_BUILD_DIR}/${PROJECT}.hex",
			);
			outputPaths = (
			);
			runOnlyForDeploymentPostprocessing = 0;
			shellPath = /bin/sh;
			shellScript = "echo Programming\n${TOOLS_DIR}/bin/avrdude -C ${TOOLS_DIR}/etc/avrdude.conf -c ${AVRDUDE_PROGRAMMER} -P ${AVRDUDE_PORT} -p ${MCU} -U flash:w:${TARGET_BUILD_DIR}/${PROJECT}.hex:i";
		};
		499940C6147873B00059CA5A /* Build application */ = {
			isa = PBXShellScriptBuildPhase;
			buildActionMask = 2147483647;
			files = (
			);
			inputPaths = (
			);
			name = "Build application";
			outputPaths = (
			);
			runOnlyForDeploymentPostprocessing = 0;
			shellPath = /bin/sh;
			shellScript = "make DEBUG=${BUILD_TYPE}";
		};
		49EE68EE147B19D100FA3113 /* Build libm8r.a */ = {
			isa = PBXShellScriptBuildPhase;
			buildActionMask = 2147483647;
			files = (
			);
			inputPaths = (
			);
			name = "Build libm8r.a";
			outputPaths = (
			);
			runOnlyForDeploymentPostprocessing = 0;
			shellPath = /bin/sh;
			shellScript = "/usr/bin/make build_library DEBUG=${BUILD_TYPE}";
		};
/* End PBXShellScriptBuildPhase section */

/* Begin PBXTargetDependency section */
		4990FD971344BAF000F96FEF /* PBXTargetDependency */ = {
			isa = PBXTargetDependency;
			target = 4900A2E2133FDE330036518B /* Build */;
			targetProxy = 4990FD961344BAF000F96FEF /* PBXContainerItemProxy */;
		};
		49EE68F0147B1A2500FA3113 /* PBXTargetDependency */ = {
			isa = PBXTargetDependency;
			target = 49EE68E7147B19BB00FA3113 /* libm8r.a */;
			targetProxy = 49EE68EF147B1A2500FA3113 /* PBXContainerItemProxy */;
		};
/* End PBXTargetDependency section */

/* Begin XCBuildConfiguration section */
		01706F370A34762900E43B08 /* Release */ = {
			isa = XCBuildConfiguration;
			buildSettings = {
				AVRDUDE_DEVICE = DRAGON;
				AVRDUDE_PORT = "$(AVRDUDE_PORT_$(AVRDUDE_DEVICE))";
				AVRDUDE_PORT_DRAGON = usb;
				AVRDUDE_PORT_STK500 = /dev/cu.usbserial;
				AVRDUDE_PROGRAMMER = "$(AVRDUDE_PROGRAMMER_$(AVRDUDE_DEVICE))";
				AVRDUDE_PROGRAMMER_DRAGON = dragon_isp;
				AVRDUDE_PROGRAMMER_STK500 = stk500v1;
				BUILD_TYPE = release;
				CFLAGS = "-DNDEBUG -Wa,-adhlns=${BUILT_PRODUCTS_DIR}/${INPUT_FILE_BASE}.lst -I${C_INCLUDE_PATH} -funsigned-char -funsigned-bitfields -fpack-struct -fshort-enums -ffunction-sections -fdata-sections -finline-limit=10 -fno-inline-small-functions -ffunction-sections -fdata-sections -ffreestanding";
				C_INCLUDE_PATH = "${USER_LIBRARY_DIR}/m8r/Headers";
				FREQUENCY = 12500000;
				LDFLAGS = "-L${BUILT_PRODUCTS_DIR} -lm8r -Wl,-gc-sections";
				M8R_SRC_DIR = ../../library;
				MCU = atmega168;
				PRODUCT_NAME = etherclock;
				TOOLS_DIR = /sw;
			};
			name = Release;
		};
		01706F570A347F8800E43B08 /* Release */ = {
			isa = XCBuildConfiguration;
			buildSettings = {
				PRECOMPS_INCLUDE_HEADERS_FROM_BUILT_PRODUCTS_DIR = NO;
				PRODUCT_NAME = Build;
			};
			name = Release;
		};
		4934690A134403EF005C85D6 /* Release */ = {
			isa = XCBuildConfiguration;
			buildSettings = {
				PRODUCT_NAME = Clean;
			};
			name = Release;
		};
		4990FD951344BAD700F96FEF /* Release */ = {
			isa = XCBuildConfiguration;
			buildSettings = {
			};
			name = Release;
		};
		49A5D67F13A7F72B00E4C97D /* Debug */ = {
			isa = XCBuildConfiguration;
			buildSettings = {
				AVRDUDE_DEVICE = DRAGON;
				AVRDUDE_PORT = "$(AVRDUDE_PORT_$(AVRDUDE_DEVICE))";
				AVRDUDE_PORT_DRAGON = usb;
				AVRDUDE_PORT_STK500 = /dev/cu.usbserial;
				AVRDUDE_PROGRAMMER = "$(AVRDUDE_PROGRAMMER_$(AVRDUDE_DEVICE))";
				AVRDUDE_PROGRAMMER_DRAGON = dragon_isp;
				AVRDUDE_PROGRAMMER_STK500 = stk500v1;
				BUILD_TYPE = debug;
				CFLAGS = "-DDEBUG -g -Wa,-adhlns=${BUILT_PRODUCTS_DIR}/${INPUT_FILE_BASE}.lst -I${C_INCLUDE_PATH} -funsigned-char -funsigned-bitfields -fpack-struct -fshort-enums -ffunction-sections -fdata-sections -finline-limit=10 -fno-inline-small-functions -ffunction-sections -fdata-sections -ffreestanding";
				C_INCLUDE_PATH = "${USER_LIBRARY_DIR}/m8r/Headers";
				FREQUENCY = 12500000;
				LDFLAGS = "-L${BUILT_PRODUCTS_DIR} -lm8r -Wl,-gc-sections";
				M8R_SRC_DIR = ../../library;
				MCU = atmega168;
				PRODUCT_NAME = etherclock;
				TOOLS_DIR = /sw;
			};
			name = Debug;
		};
		49A5D68013A7F72B00E4C97D /* Debug */ = {
			isa = XCBuildConfiguration;
			buildSettings = {
				PRECOMPS_INCLUDE_HEADERS_FROM_BUILT_PRODUCTS_DIR = NO;
				PRODUCT_NAME = Build;
			};
			name = Debug;
		};
		49A5D68113A7F72B00E4C97D /* Debug */ = {
			isa = XCBuildConfiguration;
			buildSettings = {
				PRODUCT_NAME = Clean;
			};
			name = Debug;
		};
		49A5D68213A7F72B00E4C97D /* Debug */ = {
			isa = XCBuildConfiguration;
			buildSettings = {
			};
			name = Debug;
		};
		49EE68A3147AA67B00FA3113 /* Report */ = {
			isa = XCBuildConfiguration;
			buildSettings = {
				AVRDUDE_DEVICE = DRAGON;
				AVRDUDE_PORT = "$(AVRDUDE_PORT_$(AVRDUDE_DEVICE))";
				AVRDUDE_PORT_DRAGON = usb;
				AVRDUDE_PORT_STK500 = /dev/cu.usbserial;
				AVRDUDE_PROGRAMMER = "$(AVRDUDE_PROGRAMMER_$(AVRDUDE_DEVICE))";
				AVRDUDE_PROGRAMMER_DRAGON = dragon_isp;
				AVRDUDE_PROGRAMMER_STK500 = stk500v1;
				BUILD_TYPE = report;
				CFLAGS = "-DDEBUG -Wa,-adhlns=${BUILT_PRODUCTS_DIR}/${INPUT_FILE_BASE}.lst -I${C_INCLUDE_PATH} -funsigned-char -funsigned-bitfields -fpack-struct -fshort-enums -ffunction-sections -fdata-sections -finline-limit=10 -fno-inline-small-functions -ffunction-sections -fdata-sections -ffreestanding";
				C_INCLUDE_PATH = "${USER_LIBRARY_DIR}/m8r/Headers";
				FREQUENCY = 12500000;
				LDFLAGS = "-L${BUILT_PRODUCTS_DIR} -lm8r -Wl,-gc-sections";
				M8R_SRC_DIR = ../../library;
				MCU = atmega168;
				PRODUCT_NAME = etherclock;
				TOOLS_DIR = /sw;
			};
			name = Report;
		};
		49EE68A4147AA67B00FA3113 /* Report */ = {
			isa = XCBuildConfiguration;
			buildSettings = {
				PRECOMPS_INCLUDE_HEADERS_FROM_BUILT_PRODUCTS_DIR = NO;
				PRODUCT_NAME = Build;
			};
			name = Report;
		};
		49EE68A5147AA67B00FA3113 /* Report */ = {
			isa = XCBuildConfiguration;
			buildSettings = {
				PRODUCT_NAME = Clean;
			};
			name = Report;
		};
		49EE68A6147AA67B00FA3113 /* Report */ = {
			isa = XCBuildConfiguration;
			buildSettings = {
			};
			name = Report;
		};
		49EE68EB147B19BB00FA3113 /* Release */ = {
			isa = XCBuildConfiguration;
			buildSettings = {
				ALWAYS_SEARCH_USER_PATHS = NO;
				ARCHS = "$(ARCHS_STANDARD_64_BIT)";
				COPY_PHASE_STRIP = YES;
				DEBUG_INFORMATION_FORMAT = "dwarf-with-dsym";
				EXECUTABLE_PREFIX = lib;
				GCC_C_LANGUAGE_STANDARD = gnu99;
				GCC_ENABLE_OBJC_EXCEPTIONS = YES;
				GCC_VERSION = com.apple.compilers.llvm.clang.1_0;
				GCC_WARN_64_TO_32_BIT_CONVERSION = YES;
				GCC_WARN_ABOUT_MISSING_PROTOTYPES = YES;
				GCC_WARN_ABOUT_RETURN_TYPE = YES;
				GCC_WARN_UNUSED_VARIABLE = YES;
				M8R_SRC_DIR = ../../library;
				MACOSX_DEPLOYMENT_TARGET = 10.7;
				PRODUCT_NAME = "$(TARGET_NAME)";
				SDKROOT = macosx;
			};
			name = Release;
		};
		49EE68EC147B19BB00FA3113 /* Report */ = {
			isa = XCBuildConfiguration;
			buildSettings = {
				ALWAYS_SEARCH_USER_PATHS = NO;
				ARCHS = "$(ARCHS_STANDARD_64_BIT)";
				COPY_PHASE_STRIP = YES;
				DEBUG_INFORMATION_FORMAT = "dwarf-with-dsym";
				EXECUTABLE_PREFIX = lib;
				GCC_C_LANGUAGE_STANDARD = gnu99;
				GCC_ENABLE_OBJC_EXCEPTIONS = YES;
				GCC_VERSION = com.apple.compilers.llvm.clang.1_0;
				GCC_WARN_64_TO_32_BIT_CONVERSION = YES;
				GCC_WARN_ABOUT_MISSING_PROTOTYPES = YES;
				GCC_WARN_ABOUT_RETURN_TYPE = YES;
				GCC_WARN_UNUSED_VARIABLE = YES;
				M8R_SRC_DIR = ../../library;
				MACOSX_DEPLOYMENT_TARGET = 10.7;
				PRODUCT_NAME = "$(TARGET_NAME)";
				SDKROOT = macosx;
			};
			name = Report;
		};
		49EE68ED147B19BB00FA3113 /* Debug */ = {
			isa = XCBuildConfiguration;
			buildSettings = {
				ALWAYS_SEARCH_USER_PATHS = NO;
				ARCHS = "$(ARCHS_STANDARD_64_BIT)";
				COPY_PHASE_STRIP = NO;
				EXECUTABLE_PREFIX = lib;
				GCC_C_LANGUAGE_STANDARD = gnu99;
				GCC_DYNAMIC_NO_PIC = NO;
				GCC_ENABLE_OBJC_EXCEPTIONS = YES;
				GCC_OPTIMIZATION_LEVEL = 0;
				GCC_PREPROCESSOR_DEFINITIONS = (
					"DEBUG=1",
					"$(inherited)",
				);
				GCC_SYMBOLS_PRIVATE_EXTERN = NO;
				GCC_VERSION = com.apple.compilers.llvm.clang.1_0;
				GCC_WARN_64_TO_32_BIT_CONVERSION = YES;
				GCC_WARN_ABOUT_MISSING_PROTOTYPES = YES;
				GCC_WARN_ABOUT_RETURN_TYPE = YES;
				GCC_WARN_UNUSED_VARIABLE = YES;
				M8R_SRC_DIR = ../../library;
				MACOSX_DEPLOYMENT_TARGET = 10.7;
				ONLY_ACTIVE_ARCH = YES;
				PRODUCT_NAME = "$(TARGET_NAME)";
				SDKROOT = macosx;
			};
			name = Debug;
		};
/* End XCBuildConfiguration section */

/* Begin XCConfigurationList section */
		01706F350A34762900E43B08 /* Build configuration list for PBXProject "etherclock" */ = {
			isa = XCConfigurationList;
			buildConfigurations = (
				01706F370A34762900E43B08 /* Release */,
				49EE68A3147AA67B00FA3113 /* Report */,
				49A5D67F13A7F72B00E4C97D /* Debug */,
			);
			defaultConfigurationIsVisible = 0;
			defaultConfigurationName = Default;
		};
		01706F550A347F8800E43B08 /* Build configuration list for PBXNativeTarget "Build" */ = {
			isa = XCConfigurationList;
			buildConfigurations = (
				01706F570A347F8800E43B08 /* Release */,
				49EE68A4147AA67B00FA3113 /* Report */,
				49A5D68013A7F72B00E4C97D /* Debug */,
			);
			defaultConfigurationIsVisible = 0;
			defaultConfigurationName = Default;
		};
		4934690B1344040D005C85D6 /* Build configuration list for PBXAggregateTarget "Clean" */ = {
			isa = XCConfigurationList;
			buildConfigurations = (
				4934690A134403EF005C85D6 /* Release */,
				49EE68A5147AA67B00FA3113 /* Report */,
				49A5D68113A7F72B00E4C97D /* Debug */,
			);
			defaultConfigurationIsVisible = 0;
			defaultConfigurationName = Default;
		};
		4990FD981344BB0E00F96FEF /* Build configuration list for PBXAggregateTarget "Program" */ = {
			isa = XCConfigurationList;
			buildConfigurations = (
				4990FD951344BAD700F96FEF /* Release */,
				49EE68A6147AA67B00FA3113 /* Report */,
				49A5D68213A7F72B00E4C97D /* Debug */,
			);
			defaultConfigurationIsVisible = 0;
			defaultConfigurationName = Default;
		};
		49EE68EA147B19BB00FA3113 /* Build configuration list for PBXNativeTarget "libm8r.a" */ = {
			isa = XCConfigurationList;
			buildConfigurations = (
				49EE68EB147B19BB00FA3113 /* Release */,
				49EE68EC147B19BB00FA3113 /* Report */,
				49EE68ED147B19BB00FA3113 /* Debug */,
			);
			defaultConfigurationIsVisible = 0;
			defaultConfigurationName = Default;
		};
/* End XCConfigurationList section */
	};
	rootObject = 08FB7793FE84155DC02AAC07 /* Project object */;
}
