// !$*UTF8*$!
{
	archiveVersion = 1;
	classes = {
	};
	objectVersion = 44;
	objects = {

/* Begin PBXBuildFile section */
		4955B38C133AB6E3001EDD20 /* lexer.ll in Sources */ = {isa = PBXBuildFile; fileRef = 4955B38B133AB6E3001EDD20 /* lexer.ll */; };
		4955B399133AB790001EDD20 /* lexer.cpp in Sources */ = {isa = PBXBuildFile; fileRef = 4955B398133AB790001EDD20 /* lexer.cpp */; };
		4955B3A5133AB92B001EDD20 /* parse.yy in Sources */ = {isa = PBXBuildFile; fileRef = 4955B39E133AB879001EDD20 /* parse.yy */; };
		49DF59DC0DB598A200E75159 /* parser.cpp in Sources */ = {isa = PBXBuildFile; fileRef = 49DF59DB0DB598A200E75159 /* parser.cpp */; };
		8DD76F650486A84900D96B5E /* main.cpp in Sources */ = {isa = PBXBuildFile; fileRef = 08FB7796FE84155DC02AAC07 /* main.cpp */; settings = {ATTRIBUTES = (); }; };
/* End PBXBuildFile section */

/* Begin PBXBuildRule section */
		49E6E3DE0DA5DF890065F568 /* PBXBuildRule */ = {
			isa = PBXBuildRule;
			compilerSpec = com.apple.compilers.proxy.script;
			filePatterns = "*.ll";
			fileType = pattern.proxy;
			isEditable = 1;
			outputFiles = (
				"$(INPUT_FILE_BASE).cpp",
			);
			script = "lex -o ${INPUT_FILE_BASE}.cpp ${INPUT_FILE_NAME}";
		};
		49E6E3FA0DA5E1450065F568 /* PBXBuildRule */ = {
			isa = PBXBuildRule;
			compilerSpec = com.apple.compilers.proxy.script;
			filePatterns = "*.yy";
			fileType = pattern.proxy;
			isEditable = 1;
			outputFiles = (
				"${INPUT_FILE_BASE}.cpp",
			);
			script = "yacc -dv -o ${INPUT_FILE_BASE}.cpp ${INPUT_FILE_NAME}";
		};
/* End PBXBuildRule section */

/* Begin PBXFileReference section */
		08FB7796FE84155DC02AAC07 /* main.cpp */ = {isa = PBXFileReference; fileEncoding = 4; lastKnownFileType = sourcecode.cpp.cpp; path = main.cpp; sourceTree = "<group>"; };
		4955B38B133AB6E3001EDD20 /* lexer.ll */ = {isa = PBXFileReference; fileEncoding = 4; lastKnownFileType = sourcecode.asm.llvm; path = lexer.ll; sourceTree = "<group>"; };
		4955B398133AB790001EDD20 /* lexer.cpp */ = {isa = PBXFileReference; fileEncoding = 4; lastKnownFileType = sourcecode.cpp.cpp; name = lexer.cpp; path = ucLexer.cpp; sourceTree = "<group>"; };
		4955B39E133AB879001EDD20 /* parse.yy */ = {isa = PBXFileReference; fileEncoding = 4; lastKnownFileType = text; path = parse.yy; sourceTree = "<group>"; };
		499B2BFE0DAE503100C523A5 /* Makefile */ = {isa = PBXFileReference; fileEncoding = 4; lastKnownFileType = sourcecode.make; path = Makefile; sourceTree = "<group>"; };
		49DF59DA0DB598A200E75159 /* parser.h */ = {isa = PBXFileReference; fileEncoding = 4; lastKnownFileType = sourcecode.c.h; path = parser.h; sourceTree = "<group>"; };
		49DF59DB0DB598A200E75159 /* parser.cpp */ = {isa = PBXFileReference; fileEncoding = 4; lastKnownFileType = sourcecode.cpp.cpp; path = parser.cpp; sourceTree = "<group>"; };
		8DD76F6C0486A84900D96B5E /* m8rscript */ = {isa = PBXFileReference; explicitFileType = "compiled.mach-o.executable"; includeInIndex = 0; path = m8rscript; sourceTree = BUILT_PRODUCTS_DIR; };
/* End PBXFileReference section */

/* Begin PBXFrameworksBuildPhase section */
		8DD76F660486A84900D96B5E /* Frameworks */ = {
			isa = PBXFrameworksBuildPhase;
			buildActionMask = 2147483647;
			files = (
			);
			runOnlyForDeploymentPostprocessing = 0;
		};
/* End PBXFrameworksBuildPhase section */

/* Begin PBXGroup section */
		08FB7794FE84155DC02AAC07 /* m8rscript */ = {
			isa = PBXGroup;
			children = (
				08FB7795FE84155DC02AAC07 /* Source */,
				49E6E5160DA80ABB0065F568 /* Derived Files */,
				1AB674ADFE9D54B511CA2CBB /* Products */,
			);
			name = m8rscript;
			sourceTree = "<group>";
		};
		08FB7795FE84155DC02AAC07 /* Source */ = {
			isa = PBXGroup;
			children = (
				4955B38B133AB6E3001EDD20 /* lexer.ll */,
				4955B39E133AB879001EDD20 /* parse.yy */,
				4955B398133AB790001EDD20 /* lexer.cpp */,
				08FB7796FE84155DC02AAC07 /* main.cpp */,
				49DF59DA0DB598A200E75159 /* parser.h */,
				49DF59DB0DB598A200E75159 /* parser.cpp */,
				499B2BFE0DAE503100C523A5 /* Makefile */,
			);
			name = Source;
			sourceTree = "<group>";
		};
		1AB674ADFE9D54B511CA2CBB /* Products */ = {
			isa = PBXGroup;
			children = (
				8DD76F6C0486A84900D96B5E /* m8rscript */,
			);
			name = Products;
			sourceTree = "<group>";
		};
		49E6E5160DA80ABB0065F568 /* Derived Files */ = {
			isa = PBXGroup;
			children = (
			);
			name = "Derived Files";
			sourceTree = "<group>";
		};
/* End PBXGroup section */

/* Begin PBXLegacyTarget section */
		499B2BF00DAE4FD100C523A5 /* Make AVR */ = {
			isa = PBXLegacyTarget;
			buildArgumentsString = "$(ACTION)";
			buildConfigurationList = 499B2BF60DAE4FF000C523A5 /* Build configuration list for PBXLegacyTarget "Make AVR" */;
			buildPhases = (
			);
			buildToolPath = /usr/bin/make;
			dependencies = (
			);
			name = "Make AVR";
			passBuildSettingsInEnvironment = 1;
			productName = "Make AVR";
		};
		499B2CEF0DB15C7F00C523A5 /* Program AVR */ = {
			isa = PBXLegacyTarget;
			buildArgumentsString = "$(ACTION) program";
			buildConfigurationList = 499B2CF50DB15C9F00C523A5 /* Build configuration list for PBXLegacyTarget "Program AVR" */;
			buildPhases = (
			);
			buildToolPath = /usr/bin/make;
			dependencies = (
			);
			name = "Program AVR";
			passBuildSettingsInEnvironment = 1;
			productName = "Program AVR";
		};
/* End PBXLegacyTarget section */

/* Begin PBXNativeTarget section */
		8DD76F620486A84900D96B5E /* m8rscript */ = {
			isa = PBXNativeTarget;
			buildConfigurationList = 1DEB923108733DC60010E9CD /* Build configuration list for PBXNativeTarget "m8rscript" */;
			buildPhases = (
				8DD76F640486A84900D96B5E /* Sources */,
				8DD76F660486A84900D96B5E /* Frameworks */,
			);
			buildRules = (
				49E6E3FA0DA5E1450065F568 /* PBXBuildRule */,
				49E6E3DE0DA5DF890065F568 /* PBXBuildRule */,
			);
			dependencies = (
			);
			name = m8rscript;
			productInstallPath = "$(HOME)/bin";
			productName = m8rscript;
			productReference = 8DD76F6C0486A84900D96B5E /* m8rscript */;
			productType = "com.apple.product-type.tool";
		};
/* End PBXNativeTarget section */

/* Begin PBXProject section */
		08FB7793FE84155DC02AAC07 /* Project object */ = {
			isa = PBXProject;
			buildConfigurationList = 1DEB923508733DC60010E9CD /* Build configuration list for PBXProject "m8rscript" */;
			compatibilityVersion = "Xcode 3.0";
			developmentRegion = English;
			hasScannedForEncodings = 1;
			knownRegions = (
				English,
				Japanese,
				French,
				German,
			);
			mainGroup = 08FB7794FE84155DC02AAC07 /* m8rscript */;
			projectDirPath = "";
			projectRoot = "";
			targets = (
				8DD76F620486A84900D96B5E /* m8rscript */,
				499B2BF00DAE4FD100C523A5 /* Make AVR */,
				499B2CEF0DB15C7F00C523A5 /* Program AVR */,
			);
		};
/* End PBXProject section */

/* Begin PBXSourcesBuildPhase section */
		8DD76F640486A84900D96B5E /* Sources */ = {
			isa = PBXSourcesBuildPhase;
			buildActionMask = 2147483647;
			files = (
				4955B38C133AB6E3001EDD20 /* lexer.ll in Sources */,
				4955B3A5133AB92B001EDD20 /* parse.yy in Sources */,
				8DD76F650486A84900D96B5E /* main.cpp in Sources */,
				49DF59DC0DB598A200E75159 /* parser.cpp in Sources */,
				4955B399133AB790001EDD20 /* lexer.cpp in Sources */,
			);
			runOnlyForDeploymentPostprocessing = 0;
		};
/* End PBXSourcesBuildPhase section */

/* Begin XCBuildConfiguration section */
		1DEB923208733DC60010E9CD /* Debug */ = {
			isa = XCBuildConfiguration;
			buildSettings = {
				COPY_PHASE_STRIP = NO;
				GCC_DYNAMIC_NO_PIC = NO;
				GCC_ENABLE_FIX_AND_CONTINUE = YES;
				GCC_MODEL_TUNING = G5;
				GCC_OPTIMIZATION_LEVEL = 0;
				GCC_PREPROCESSOR_DEFINITIONS = (
					"_GLIBCXX_DEBUG=1",
					"_GLIBCXX_DEBUG_PEDANTIC=1",
				);
				INSTALL_PATH = /usr/local/bin;
				PRODUCT_NAME = m8rscript;
				ZERO_LINK = YES;
			};
			name = Debug;
		};
		1DEB923308733DC60010E9CD /* Release */ = {
			isa = XCBuildConfiguration;
			buildSettings = {
				DEBUG_INFORMATION_FORMAT = "dwarf-with-dsym";
				GCC_MODEL_TUNING = G5;
				INSTALL_PATH = /usr/local/bin;
				PRODUCT_NAME = m8rscript;
			};
			name = Release;
		};
		1DEB923608733DC60010E9CD /* Debug */ = {
			isa = XCBuildConfiguration;
			buildSettings = {
				GCC_ENABLE_CPP_EXCEPTIONS = NO;
				GCC_ENABLE_CPP_RTTI = NO;
				GCC_ENABLE_OBJC_EXCEPTIONS = NO;
				GCC_FAST_OBJC_DISPATCH = NO;
				GCC_WARN_ABOUT_RETURN_TYPE = YES;
				GCC_WARN_UNUSED_VARIABLE = YES;
				LD_GENERATE_MAP_FILE = YES;
				PREBINDING = NO;
				SDKROOT = "$(DEVELOPER_SDK_DIR)/MacOSX10.5.sdk";
			};
			name = Debug;
		};
		1DEB923708733DC60010E9CD /* Release */ = {
			isa = XCBuildConfiguration;
			buildSettings = {
				ARCHS = i386;
				DEAD_CODE_STRIPPING = NO;
				GCC_ENABLE_CPP_EXCEPTIONS = NO;
				GCC_ENABLE_CPP_RTTI = NO;
				GCC_ENABLE_OBJC_EXCEPTIONS = NO;
				GCC_FAST_OBJC_DISPATCH = NO;
				GCC_GENERATE_DEBUGGING_SYMBOLS = NO;
				GCC_WARN_ABOUT_RETURN_TYPE = YES;
				GCC_WARN_UNUSED_VARIABLE = YES;
				LD_GENERATE_MAP_FILE = YES;
				PREBINDING = NO;
				SDKROOT = "$(DEVELOPER_SDK_DIR)/MacOSX10.5.sdk";
			};
			name = Release;
		};
		499B2BF10DAE4FD200C523A5 /* Debug */ = {
			isa = XCBuildConfiguration;
			buildSettings = {
				COPY_PHASE_STRIP = NO;
				GCC_DYNAMIC_NO_PIC = NO;
				GCC_OPTIMIZATION_LEVEL = 0;
				PRODUCT_NAME = "Make AVR";
			};
			name = Debug;
		};
		499B2BF20DAE4FD200C523A5 /* Release */ = {
			isa = XCBuildConfiguration;
			buildSettings = {
				COPY_PHASE_STRIP = YES;
				DEBUG_INFORMATION_FORMAT = "dwarf-with-dsym";
				GCC_ENABLE_FIX_AND_CONTINUE = NO;
				PRODUCT_NAME = "Make AVR";
				ZERO_LINK = NO;
			};
			name = Release;
		};
		499B2CF00DB15C7F00C523A5 /* Debug */ = {
			isa = XCBuildConfiguration;
			buildSettings = {
				COPY_PHASE_STRIP = NO;
				GCC_DYNAMIC_NO_PIC = NO;
				GCC_OPTIMIZATION_LEVEL = 0;
				PRODUCT_NAME = "Program AVR";
			};
			name = Debug;
		};
		499B2CF10DB15C7F00C523A5 /* Release */ = {
			isa = XCBuildConfiguration;
			buildSettings = {
				COPY_PHASE_STRIP = YES;
				DEBUG_INFORMATION_FORMAT = "dwarf-with-dsym";
				GCC_ENABLE_FIX_AND_CONTINUE = NO;
				PRODUCT_NAME = "Program AVR";
				ZERO_LINK = NO;
			};
			name = Release;
		};
/* End XCBuildConfiguration section */

/* Begin XCConfigurationList section */
		1DEB923108733DC60010E9CD /* Build configuration list for PBXNativeTarget "m8rscript" */ = {
			isa = XCConfigurationList;
			buildConfigurations = (
				1DEB923208733DC60010E9CD /* Debug */,
				1DEB923308733DC60010E9CD /* Release */,
			);
			defaultConfigurationIsVisible = 0;
			defaultConfigurationName = Release;
		};
		1DEB923508733DC60010E9CD /* Build configuration list for PBXProject "m8rscript" */ = {
			isa = XCConfigurationList;
			buildConfigurations = (
				1DEB923608733DC60010E9CD /* Debug */,
				1DEB923708733DC60010E9CD /* Release */,
			);
			defaultConfigurationIsVisible = 0;
			defaultConfigurationName = Release;
		};
		499B2BF60DAE4FF000C523A5 /* Build configuration list for PBXLegacyTarget "Make AVR" */ = {
			isa = XCConfigurationList;
			buildConfigurations = (
				499B2BF10DAE4FD200C523A5 /* Debug */,
				499B2BF20DAE4FD200C523A5 /* Release */,
			);
			defaultConfigurationIsVisible = 0;
			defaultConfigurationName = Release;
		};
		499B2CF50DB15C9F00C523A5 /* Build configuration list for PBXLegacyTarget "Program AVR" */ = {
			isa = XCConfigurationList;
			buildConfigurations = (
				499B2CF00DB15C7F00C523A5 /* Debug */,
				499B2CF10DB15C7F00C523A5 /* Release */,
			);
			defaultConfigurationIsVisible = 0;
			defaultConfigurationName = Release;
		};
/* End XCConfigurationList section */
	};
	rootObject = 08FB7793FE84155DC02AAC07 /* Project object */;
}
